
Microsoft Visual Studio Solution File, Format Version 12.00
# Visual Studio 15
VisualStudioVersion = 15.0.26228.12
MinimumVisualStudioVersion = 10.0.40219.1
Project("{8BC9CEB8-8B4A-11D0-8D11-00A0C91BC942}") = "UnitTest", "UnitTest\UnitTest.vcxproj", "{DB7CF214-3177-480B-8560-A52980B6FEFE}"
EndProject
Project("{8BC9CEB8-8B4A-11D0-8D11-00A0C91BC942}") = "Main", "Main\Main.vcxproj", "{746BE393-F970-45CB-85AB-E44950E2EF6A}"
EndProject
Project("{8BC9CEB8-8B4A-11D0-8D11-00A0C91BC942}") = "MainLib", "MainLib\MainLib.vcxproj", "{04ADF8C7-FD18-48EA-A185-65E234E04DA8}"
EndProject
Global
	GlobalSection(SolutionConfigurationPlatforms) = preSolution
		Debug|x86 = Debug|x86
		Release|x86 = Release|x86
	EndGlobalSection
	GlobalSection(ProjectConfigurationPlatforms) = postSolution
		{DB7CF214-3177-480B-8560-A52980B6FEFE}.Debug|x86.ActiveCfg = Debug|Win32
		{DB7CF214-3177-480B-8560-A52980B6FEFE}.Debug|x86.Build.0 = Debug|Win32
		{DB7CF214-3177-480B-8560-A52980B6FEFE}.Release|x86.ActiveCfg = Debug|Win32
		{DB7CF214-3177-480B-8560-A52980B6FEFE}.Release|x86.Build.0 = Debug|Win32
		{746BE393-F970-45CB-85AB-E44950E2EF6A}.Debug|x86.ActiveCfg = Debug|Win32
		{746BE393-F970-45CB-85AB-E44950E2EF6A}.Debug|x86.Build.0 = Debug|Win32
		{746BE393-F970-45CB-85AB-E44950E2EF6A}.Release|x86.ActiveCfg = Release|Win32
		{746BE393-F970-45CB-85AB-E44950E2EF6A}.Release|x86.Build.0 = Release|Win32
		{04ADF8C7-FD18-48EA-A185-65E234E04DA8}.Debug|x86.ActiveCfg = Debug|Win32
		{04ADF8C7-FD18-48EA-A185-65E234E04DA8}.Debug|x86.Build.0 = Debug|Win32
		{04ADF8C7-FD18-48EA-A185-65E234E04DA8}.Release|x86.ActiveCfg = Release|Win32
		{04ADF8C7-FD18-48EA-A185-65E234E04DA8}.Release|x86.Build.0 = Release|Win32
	EndGlobalSection
	GlobalSection(SolutionProperties) = preSolution
		HideSolutionNode = FALSE
	EndGlobalSection
EndGlobal
